
Microsoft Visual Studio Solution File, Format Version 12.00
# Visual Studio Version 17
VisualStudioVersion = 17.11.35222.181
MinimumVisualStudioVersion = 10.0.40219.1
Project("{9A19103F-16F7-4668-BE54-9A1E7A4F7556}") = "WebApp.GestordePacientes", "WebApp.GestordePacientes.csproj", "{75A93570-1071-4E83-B669-5EC2FDE321E0}"
EndProject
Global
	GlobalSection(SolutionConfigurationPlatforms) = preSolution
		Debug|Any CPU = Debug|Any CPU
		Release|Any CPU = Release|Any CPU
	EndGlobalSection
	GlobalSection(ProjectConfigurationPlatforms) = postSolution
		{75A93570-1071-4E83-B669-5EC2FDE321E0}.Debug|Any CPU.ActiveCfg = Debug|Any CPU
		{75A93570-1071-4E83-B669-5EC2FDE321E0}.Debug|Any CPU.Build.0 = Debug|Any CPU
		{75A93570-1071-4E83-B669-5EC2FDE321E0}.Release|Any CPU.ActiveCfg = Release|Any CPU
		{75A93570-1071-4E83-B669-5EC2FDE321E0}.Release|Any CPU.Build.0 = Release|Any CPU
	EndGlobalSection
	GlobalSection(SolutionProperties) = preSolution
		HideSolutionNode = FALSE
	EndGlobalSection
	GlobalSection(ExtensibilityGlobals) = postSolution
		SolutionGuid = {2B7BC135-EF11-4413-8007-B563F43862C6}
	EndGlobalSection
EndGlobal
