
Microsoft Visual Studio Solution File, Format Version 12.00
# Visual Studio Version 17
VisualStudioVersion = 17.11.35222.181
MinimumVisualStudioVersion = 10.0.40219.1
Project("{9A19103F-16F7-4668-BE54-9A1E7A4F7556}") = "GestordePacientes.Infrastructure.Persistence", "GestordePacientes.Infrastructure.Persistence.csproj", "{91BFD719-E6C3-40AC-9665-EBC8A1C31739}"
EndProject
Global
	GlobalSection(SolutionConfigurationPlatforms) = preSolution
		Debug|Any CPU = Debug|Any CPU
		Release|Any CPU = Release|Any CPU
	EndGlobalSection
	GlobalSection(ProjectConfigurationPlatforms) = postSolution
		{91BFD719-E6C3-40AC-9665-EBC8A1C31739}.Debug|Any CPU.ActiveCfg = Debug|Any CPU
		{91BFD719-E6C3-40AC-9665-EBC8A1C31739}.Debug|Any CPU.Build.0 = Debug|Any CPU
		{91BFD719-E6C3-40AC-9665-EBC8A1C31739}.Release|Any CPU.ActiveCfg = Release|Any CPU
		{91BFD719-E6C3-40AC-9665-EBC8A1C31739}.Release|Any CPU.Build.0 = Release|Any CPU
	EndGlobalSection
	GlobalSection(SolutionProperties) = preSolution
		HideSolutionNode = FALSE
	EndGlobalSection
	GlobalSection(ExtensibilityGlobals) = postSolution
		SolutionGuid = {42B565D0-B806-4E40-99FE-0C8DDA3E878C}
	EndGlobalSection
EndGlobal
